// !$*UTF8*$!
{
	archiveVersion = 1;
	classes = {
	};
	objectVersion = 46;
	objects = {

/* Begin PBXBuildFile section */
		1876598E17539D11003323B0 /* ChessBoard.m in Sources */ = {isa = PBXBuildFile; fileRef = 1876598617539D11003323B0 /* ChessBoard.m */; };
		1876598F17539D11003323B0 /* Chessman.m in Sources */ = {isa = PBXBuildFile; fileRef = 1876598817539D11003323B0 /* Chessman.m */; };
		1876599017539D11003323B0 /* Elephant.m in Sources */ = {isa = PBXBuildFile; fileRef = 1876598B17539D11003323B0 /* Elephant.m */; };
		1876599117539D11003323B0 /* Horse.m in Sources */ = {isa = PBXBuildFile; fileRef = 1876598D17539D11003323B0 /* Horse.m */; };
		1879B81518064C4000899D7E /* Default-568h@2x.png in Resources */ = {isa = PBXBuildFile; fileRef = 1879B81418064C4000899D7E /* Default-568h@2x.png */; };
		18A0DC6E175249EC004A8AB1 /* bg-chessman.png in Resources */ = {isa = PBXBuildFile; fileRef = 18A0DC6D175249EC004A8AB1 /* bg-chessman.png */; };
		18BA064A174BC93E00095C20 /* UIKit.framework in Frameworks */ = {isa = PBXBuildFile; fileRef = 18BA0649174BC93E00095C20 /* UIKit.framework */; };
		18BA064C174BC93E00095C20 /* Foundation.framework in Frameworks */ = {isa = PBXBuildFile; fileRef = 18BA064B174BC93E00095C20 /* Foundation.framework */; };
		18BA064E174BC93E00095C20 /* CoreGraphics.framework in Frameworks */ = {isa = PBXBuildFile; fileRef = 18BA064D174BC93E00095C20 /* CoreGraphics.framework */; };
		18BA0654174BC93E00095C20 /* InfoPlist.strings in Resources */ = {isa = PBXBuildFile; fileRef = 18BA0652174BC93E00095C20 /* InfoPlist.strings */; };
		18BA0656174BC93E00095C20 /* main.m in Sources */ = {isa = PBXBuildFile; fileRef = 18BA0655174BC93E00095C20 /* main.m */; };
		18BA065A174BC93E00095C20 /* AppDelegate.m in Sources */ = {isa = PBXBuildFile; fileRef = 18BA0659174BC93E00095C20 /* AppDelegate.m */; };
		18BA065C174BC93E00095C20 /* Default.png in Resources */ = {isa = PBXBuildFile; fileRef = 18BA065B174BC93E00095C20 /* Default.png */; };
		18BA0663174BC93E00095C20 /* ViewController.m in Sources */ = {isa = PBXBuildFile; fileRef = 18BA0662174BC93E00095C20 /* ViewController.m */; };
		18BA0666174BC93E00095C20 /* ViewController.xib in Resources */ = {isa = PBXBuildFile; fileRef = 18BA0664174BC93E00095C20 /* ViewController.xib */; };
		18BA0672174BCE3A00095C20 /* ChessmanView.m in Sources */ = {isa = PBXBuildFile; fileRef = 18BA0671174BCE3A00095C20 /* ChessmanView.m */; };
		18BA0674174BCE8200095C20 /* ChessboardView.m in Sources */ = {isa = PBXBuildFile; fileRef = 18BA0673174BCE8200095C20 /* ChessboardView.m */; };
		57A6D2831818FC5900CE7BAA /* Car.m in Sources */ = {isa = PBXBuildFile; fileRef = 57A6D2821818FC5900CE7BAA /* Car.m */; };
		57A6D2861818FDF300CE7BAA /* Shi.m in Sources */ = {isa = PBXBuildFile; fileRef = 57A6D2851818FDF300CE7BAA /* Shi.m */; };
		57A6D289181900DE00CE7BAA /* Jiang.m in Sources */ = {isa = PBXBuildFile; fileRef = 57A6D288181900DE00CE7BAA /* Jiang.m */; };
		57A6D28C181902C300CE7BAA /* Bing.m in Sources */ = {isa = PBXBuildFile; fileRef = 57A6D28B181902C300CE7BAA /* Bing.m */; };
		57A6D28F181909B000CE7BAA /* Pao.m in Sources */ = {isa = PBXBuildFile; fileRef = 57A6D28E181909AF00CE7BAA /* Pao.m */; };
		57ADDFD7181A4AA400142A5A /* CoreLocation.framework in Frameworks */ = {isa = PBXBuildFile; fileRef = 57ADDFD6181A4AA400142A5A /* CoreLocation.framework */; };
		57ADDFD9181A4AAF00142A5A /* SystemConfiguration.framework in Frameworks */ = {isa = PBXBuildFile; fileRef = 57ADDFD8181A4AAF00142A5A /* SystemConfiguration.framework */; };
		57ADDFDB181A4ABC00142A5A /* libresolv.dylib in Frameworks */ = {isa = PBXBuildFile; fileRef = 57ADDFDA181A4ABC00142A5A /* libresolv.dylib */; };
		57ADDFDD181A4AC500142A5A /* libxml2.dylib in Frameworks */ = {isa = PBXBuildFile; fileRef = 57ADDFDC181A4AC500142A5A /* libxml2.dylib */; };
		57ADDFDF181A4AD000142A5A /* Security.framework in Frameworks */ = {isa = PBXBuildFile; fileRef = 57ADDFDE181A4AD000142A5A /* Security.framework */; };
		57ADDFE1181A4AD700142A5A /* CFNetwork.framework in Frameworks */ = {isa = PBXBuildFile; fileRef = 57ADDFE0181A4AD700142A5A /* CFNetwork.framework */; };
		57ADDFE6181A4E8900142A5A /* Connection.m in Sources */ = {isa = PBXBuildFile; fileRef = 57ADDFE4181A4BC600142A5A /* Connection.m */; settings = {COMPILER_FLAGS = "-fno-objc-arc"; }; };
		57B13F00181A0ECC00427815 /* LoginViewController.m in Sources */ = {isa = PBXBuildFile; fileRef = 57B13EFE181A0ECC00427815 /* LoginViewController.m */; };
		57B13F01181A0ECC00427815 /* LoginViewController.xib in Resources */ = {isa = PBXBuildFile; fileRef = 57B13EFF181A0ECC00427815 /* LoginViewController.xib */; };
		57B13F04181A19BE00427815 /* FriendListViewController.m in Sources */ = {isa = PBXBuildFile; fileRef = 57B13F03181A19BD00427815 /* FriendListViewController.m */; };
		9FB1E1001AA962680090CAF8 /* MultipeerConnectivity.framework in Frameworks */ = {isa = PBXBuildFile; fileRef = 9FB1E0FF1AA962680090CAF8 /* MultipeerConnectivity.framework */; };
		CBCFA1811755033C0075CE11 /* FlagView.m in Sources */ = {isa = PBXBuildFile; fileRef = CBCFA1801755033C0075CE11 /* FlagView.m */; };
		CBCFA184175504270075CE11 /* bg-flag.png in Resources */ = {isa = PBXBuildFile; fileRef = CBCFA183175504270075CE11 /* bg-flag.png */; };
/* End PBXBuildFile section */

/* Begin PBXFileReference section */
		1876598517539D11003323B0 /* ChessBoard.h */ = {isa = PBXFileReference; fileEncoding = 4; lastKnownFileType = sourcecode.c.h; path = ChessBoard.h; sourceTree = "<group>"; };
		1876598617539D11003323B0 /* ChessBoard.m */ = {isa = PBXFileReference; fileEncoding = 4; lastKnownFileType = sourcecode.c.objc; path = ChessBoard.m; sourceTree = "<group>"; };
		1876598717539D11003323B0 /* Chessman.h */ = {isa = PBXFileReference; fileEncoding = 4; lastKnownFileType = sourcecode.c.h; path = Chessman.h; sourceTree = "<group>"; };
		1876598817539D11003323B0 /* Chessman.m */ = {isa = PBXFileReference; fileEncoding = 4; lastKnownFileType = sourcecode.c.objc; path = Chessman.m; sourceTree = "<group>"; };
		1876598917539D11003323B0 /* Common.h */ = {isa = PBXFileReference; fileEncoding = 4; lastKnownFileType = sourcecode.c.h; path = Common.h; sourceTree = "<group>"; };
		1876598A17539D11003323B0 /* Elephant.h */ = {isa = PBXFileReference; fileEncoding = 4; lastKnownFileType = sourcecode.c.h; path = Elephant.h; sourceTree = "<group>"; };
		1876598B17539D11003323B0 /* Elephant.m */ = {isa = PBXFileReference; fileEncoding = 4; lastKnownFileType = sourcecode.c.objc; path = Elephant.m; sourceTree = "<group>"; };
		1876598C17539D11003323B0 /* Horse.h */ = {isa = PBXFileReference; fileEncoding = 4; lastKnownFileType = sourcecode.c.h; path = Horse.h; sourceTree = "<group>"; };
		1876598D17539D11003323B0 /* Horse.m */ = {isa = PBXFileReference; fileEncoding = 4; lastKnownFileType = sourcecode.c.objc; path = Horse.m; sourceTree = "<group>"; };
		1879B81418064C4000899D7E /* Default-568h@2x.png */ = {isa = PBXFileReference; lastKnownFileType = image.png; name = "Default-568h@2x.png"; path = "../Default-568h@2x.png"; sourceTree = "<group>"; };
		18A0DC6D175249EC004A8AB1 /* bg-chessman.png */ = {isa = PBXFileReference; lastKnownFileType = image.png; path = "bg-chessman.png"; sourceTree = "<group>"; };
		18BA0645174BC93E00095C20 /* ChineseChess.app */ = {isa = PBXFileReference; explicitFileType = wrapper.application; includeInIndex = 0; path = ChineseChess.app; sourceTree = BUILT_PRODUCTS_DIR; };
		18BA0649174BC93E00095C20 /* UIKit.framework */ = {isa = PBXFileReference; lastKnownFileType = wrapper.framework; name = UIKit.framework; path = System/Library/Frameworks/UIKit.framework; sourceTree = SDKROOT; };
		18BA064B174BC93E00095C20 /* Foundation.framework */ = {isa = PBXFileReference; lastKnownFileType = wrapper.framework; name = Foundation.framework; path = System/Library/Frameworks/Foundation.framework; sourceTree = SDKROOT; };
		18BA064D174BC93E00095C20 /* CoreGraphics.framework */ = {isa = PBXFileReference; lastKnownFileType = wrapper.framework; name = CoreGraphics.framework; path = System/Library/Frameworks/CoreGraphics.framework; sourceTree = SDKROOT; };
		18BA0651174BC93E00095C20 /* ChineseChess-Info.plist */ = {isa = PBXFileReference; lastKnownFileType = text.plist.xml; path = "ChineseChess-Info.plist"; sourceTree = "<group>"; };
		18BA0653174BC93E00095C20 /* en */ = {isa = PBXFileReference; lastKnownFileType = text.plist.strings; name = en; path = en.lproj/InfoPlist.strings; sourceTree = "<group>"; };
		18BA0655174BC93E00095C20 /* main.m */ = {isa = PBXFileReference; lastKnownFileType = sourcecode.c.objc; path = main.m; sourceTree = "<group>"; };
		18BA0657174BC93E00095C20 /* ChineseChess-Prefix.pch */ = {isa = PBXFileReference; lastKnownFileType = sourcecode.c.h; path = "ChineseChess-Prefix.pch"; sourceTree = "<group>"; };
		18BA0658174BC93E00095C20 /* AppDelegate.h */ = {isa = PBXFileReference; lastKnownFileType = sourcecode.c.h; path = AppDelegate.h; sourceTree = "<group>"; };
		18BA0659174BC93E00095C20 /* AppDelegate.m */ = {isa = PBXFileReference; lastKnownFileType = sourcecode.c.objc; path = AppDelegate.m; sourceTree = "<group>"; };
		18BA065B174BC93E00095C20 /* Default.png */ = {isa = PBXFileReference; lastKnownFileType = image.png; path = Default.png; sourceTree = "<group>"; };
		18BA0661174BC93E00095C20 /* ViewController.h */ = {isa = PBXFileReference; lastKnownFileType = sourcecode.c.h; path = ViewController.h; sourceTree = "<group>"; };
		18BA0662174BC93E00095C20 /* ViewController.m */ = {isa = PBXFileReference; lastKnownFileType = sourcecode.c.objc; path = ViewController.m; sourceTree = "<group>"; };
		18BA0665174BC93E00095C20 /* en */ = {isa = PBXFileReference; lastKnownFileType = file.xib; name = en; path = en.lproj/ViewController.xib; sourceTree = "<group>"; };
		18BA066D174BCDED00095C20 /* ChessboardView.h */ = {isa = PBXFileReference; fileEncoding = 4; lastKnownFileType = sourcecode.c.h; path = ChessboardView.h; sourceTree = "<group>"; };
		18BA0670174BCE3A00095C20 /* ChessmanView.h */ = {isa = PBXFileReference; fileEncoding = 4; lastKnownFileType = sourcecode.c.h; path = ChessmanView.h; sourceTree = "<group>"; };
		18BA0671174BCE3A00095C20 /* ChessmanView.m */ = {isa = PBXFileReference; fileEncoding = 4; lastKnownFileType = sourcecode.c.objc; path = ChessmanView.m; sourceTree = "<group>"; };
		18BA0673174BCE8200095C20 /* ChessboardView.m */ = {isa = PBXFileReference; fileEncoding = 4; lastKnownFileType = sourcecode.c.objc; path = ChessboardView.m; sourceTree = "<group>"; };
		57A65927181E007D004FD1CF /* AI_HaQiKiD.h */ = {isa = PBXFileReference; lastKnownFileType = sourcecode.c.h; path = AI_HaQiKiD.h; sourceTree = "<group>"; };
		57A65928181E007D004FD1CF /* AI_HaQiKiD.m */ = {isa = PBXFileReference; lastKnownFileType = sourcecode.c.objc; path = AI_HaQiKiD.m; sourceTree = "<group>"; };
		57A65929181E007D004FD1CF /* AI_haqikidHOX.c */ = {isa = PBXFileReference; lastKnownFileType = sourcecode.c.c; path = AI_haqikidHOX.c; sourceTree = "<group>"; };
		57A6592A181E007D004FD1CF /* AI_XQWLight.h */ = {isa = PBXFileReference; lastKnownFileType = sourcecode.c.h; path = AI_XQWLight.h; sourceTree = "<group>"; };
		57A6592B181E007D004FD1CF /* AI_XQWLight.m */ = {isa = PBXFileReference; lastKnownFileType = sourcecode.c.objc; path = AI_XQWLight.m; sourceTree = "<group>"; };
		57A6592C181E007D004FD1CF /* AIEngine.h */ = {isa = PBXFileReference; lastKnownFileType = sourcecode.c.h; path = AIEngine.h; sourceTree = "<group>"; };
		57A6592D181E007D004FD1CF /* AIEngine.m */ = {isa = PBXFileReference; lastKnownFileType = sourcecode.c.objc; path = AIEngine.m; sourceTree = "<group>"; };
		57A6592E181E007D004FD1CF /* BOOK.DAT */ = {isa = PBXFileReference; lastKnownFileType = file; path = BOOK.DAT; sourceTree = "<group>"; };
		57A6592F181E007D004FD1CF /* Referee.h */ = {isa = PBXFileReference; lastKnownFileType = sourcecode.c.h; path = Referee.h; sourceTree = "<group>"; };
		57A65930181E007D004FD1CF /* Referee.m */ = {isa = PBXFileReference; lastKnownFileType = sourcecode.c.objc; path = Referee.m; sourceTree = "<group>"; };
		57A65931181E007D004FD1CF /* XQWLight_Referee.cpp */ = {isa = PBXFileReference; lastKnownFileType = sourcecode.cpp.cpp; path = XQWLight_Referee.cpp; sourceTree = "<group>"; };
		57A65932181E007D004FD1CF /* XQWLight.cpp */ = {isa = PBXFileReference; lastKnownFileType = sourcecode.cpp.cpp; path = XQWLight.cpp; sourceTree = "<group>"; };
		57A6D2811818FC5800CE7BAA /* Car.h */ = {isa = PBXFileReference; fileEncoding = 4; lastKnownFileType = sourcecode.c.h; path = Car.h; sourceTree = "<group>"; };
		57A6D2821818FC5900CE7BAA /* Car.m */ = {isa = PBXFileReference; fileEncoding = 4; lastKnownFileType = sourcecode.c.objc; path = Car.m; sourceTree = "<group>"; };
		57A6D2841818FDF300CE7BAA /* Shi.h */ = {isa = PBXFileReference; fileEncoding = 4; lastKnownFileType = sourcecode.c.h; path = Shi.h; sourceTree = "<group>"; };
		57A6D2851818FDF300CE7BAA /* Shi.m */ = {isa = PBXFileReference; fileEncoding = 4; lastKnownFileType = sourcecode.c.objc; path = Shi.m; sourceTree = "<group>"; };
		57A6D287181900DE00CE7BAA /* Jiang.h */ = {isa = PBXFileReference; fileEncoding = 4; lastKnownFileType = sourcecode.c.h; path = Jiang.h; sourceTree = "<group>"; };
		57A6D288181900DE00CE7BAA /* Jiang.m */ = {isa = PBXFileReference; fileEncoding = 4; lastKnownFileType = sourcecode.c.objc; path = Jiang.m; sourceTree = "<group>"; };
		57A6D28A181902C200CE7BAA /* Bing.h */ = {isa = PBXFileReference; fileEncoding = 4; lastKnownFileType = sourcecode.c.h; path = Bing.h; sourceTree = "<group>"; };
		57A6D28B181902C300CE7BAA /* Bing.m */ = {isa = PBXFileReference; fileEncoding = 4; lastKnownFileType = sourcecode.c.objc; path = Bing.m; sourceTree = "<group>"; };
		57A6D28D181909AF00CE7BAA /* Pao.h */ = {isa = PBXFileReference; fileEncoding = 4; lastKnownFileType = sourcecode.c.h; path = Pao.h; sourceTree = "<group>"; };
		57A6D28E181909AF00CE7BAA /* Pao.m */ = {isa = PBXFileReference; fileEncoding = 4; lastKnownFileType = sourcecode.c.objc; path = Pao.m; sourceTree = "<group>"; };
		57ADDFD6181A4AA400142A5A /* CoreLocation.framework */ = {isa = PBXFileReference; lastKnownFileType = wrapper.framework; name = CoreLocation.framework; path = System/Library/Frameworks/CoreLocation.framework; sourceTree = SDKROOT; };
		57ADDFD8181A4AAF00142A5A /* SystemConfiguration.framework */ = {isa = PBXFileReference; lastKnownFileType = wrapper.framework; name = SystemConfiguration.framework; path = System/Library/Frameworks/SystemConfiguration.framework; sourceTree = SDKROOT; };
		57ADDFDA181A4ABC00142A5A /* libresolv.dylib */ = {isa = PBXFileReference; lastKnownFileType = "compiled.mach-o.dylib"; name = libresolv.dylib; path = usr/lib/libresolv.dylib; sourceTree = SDKROOT; };
		57ADDFDC181A4AC500142A5A /* libxml2.dylib */ = {isa = PBXFileReference; lastKnownFileType = "compiled.mach-o.dylib"; name = libxml2.dylib; path = usr/lib/libxml2.dylib; sourceTree = SDKROOT; };
		57ADDFDE181A4AD000142A5A /* Security.framework */ = {isa = PBXFileReference; lastKnownFileType = wrapper.framework; name = Security.framework; path = System/Library/Frameworks/Security.framework; sourceTree = SDKROOT; };
		57ADDFE0181A4AD700142A5A /* CFNetwork.framework */ = {isa = PBXFileReference; lastKnownFileType = wrapper.framework; name = CFNetwork.framework; path = System/Library/Frameworks/CFNetwork.framework; sourceTree = SDKROOT; };
		57ADDFE3181A4BC600142A5A /* Connection.h */ = {isa = PBXFileReference; lastKnownFileType = sourcecode.c.h; path = Connection.h; sourceTree = "<group>"; };
		57ADDFE4181A4BC600142A5A /* Connection.m */ = {isa = PBXFileReference; lastKnownFileType = sourcecode.c.objc; path = Connection.m; sourceTree = "<group>"; };
		57ADDFE5181A4BC600142A5A /* ConnectionDelegate.h */ = {isa = PBXFileReference; lastKnownFileType = sourcecode.c.h; path = ConnectionDelegate.h; sourceTree = "<group>"; };
		57B13EFD181A0ECC00427815 /* LoginViewController.h */ = {isa = PBXFileReference; fileEncoding = 4; lastKnownFileType = sourcecode.c.h; path = LoginViewController.h; sourceTree = "<group>"; };
		57B13EFE181A0ECC00427815 /* LoginViewController.m */ = {isa = PBXFileReference; fileEncoding = 4; lastKnownFileType = sourcecode.c.objc; path = LoginViewController.m; sourceTree = "<group>"; };
		57B13EFF181A0ECC00427815 /* LoginViewController.xib */ = {isa = PBXFileReference; fileEncoding = 4; lastKnownFileType = file.xib; path = LoginViewController.xib; sourceTree = "<group>"; };
		57B13F02181A19BD00427815 /* FriendListViewController.h */ = {isa = PBXFileReference; fileEncoding = 4; lastKnownFileType = sourcecode.c.h; path = FriendListViewController.h; sourceTree = "<group>"; };
		57B13F03181A19BD00427815 /* FriendListViewController.m */ = {isa = PBXFileReference; fileEncoding = 4; lastKnownFileType = sourcecode.c.objc; path = FriendListViewController.m; sourceTree = "<group>"; };
		9FB1E0FB1AA950300090CAF8 /* GameKit.framework */ = {isa = PBXFileReference; lastKnownFileType = wrapper.framework; name = GameKit.framework; path = System/Library/Frameworks/GameKit.framework; sourceTree = SDKROOT; };
		9FB1E0FD1AA950680090CAF8 /* CoreBluetooth.framework */ = {isa = PBXFileReference; lastKnownFileType = wrapper.framework; name = CoreBluetooth.framework; path = System/Library/Frameworks/CoreBluetooth.framework; sourceTree = SDKROOT; };
		9FB1E0FF1AA962680090CAF8 /* MultipeerConnectivity.framework */ = {isa = PBXFileReference; lastKnownFileType = wrapper.framework; name = MultipeerConnectivity.framework; path = System/Library/Frameworks/MultipeerConnectivity.framework; sourceTree = SDKROOT; };
		CBCFA17F1755033C0075CE11 /* FlagView.h */ = {isa = PBXFileReference; fileEncoding = 4; lastKnownFileType = sourcecode.c.h; path = FlagView.h; sourceTree = "<group>"; };
		CBCFA1801755033C0075CE11 /* FlagView.m */ = {isa = PBXFileReference; fileEncoding = 4; lastKnownFileType = sourcecode.c.objc; path = FlagView.m; sourceTree = "<group>"; };
		CBCFA183175504270075CE11 /* bg-flag.png */ = {isa = PBXFileReference; lastKnownFileType = image.png; path = "bg-flag.png"; sourceTree = "<group>"; };
/* End PBXFileReference section */

/* Begin PBXFrameworksBuildPhase section */
		18BA0642174BC93E00095C20 /* Frameworks */ = {
			isa = PBXFrameworksBuildPhase;
			buildActionMask = 2147483647;
			files = (
				9FB1E1001AA962680090CAF8 /* MultipeerConnectivity.framework in Frameworks */,
				57ADDFE1181A4AD700142A5A /* CFNetwork.framework in Frameworks */,
				57ADDFDF181A4AD000142A5A /* Security.framework in Frameworks */,
				57ADDFDD181A4AC500142A5A /* libxml2.dylib in Frameworks */,
				57ADDFDB181A4ABC00142A5A /* libresolv.dylib in Frameworks */,
				57ADDFD9181A4AAF00142A5A /* SystemConfiguration.framework in Frameworks */,
				57ADDFD7181A4AA400142A5A /* CoreLocation.framework in Frameworks */,
				18BA064A174BC93E00095C20 /* UIKit.framework in Frameworks */,
				18BA064C174BC93E00095C20 /* Foundation.framework in Frameworks */,
				18BA064E174BC93E00095C20 /* CoreGraphics.framework in Frameworks */,
			);
			runOnlyForDeploymentPostprocessing = 0;
		};
/* End PBXFrameworksBuildPhase section */

/* Begin PBXGroup section */
		1876598317539CEC003323B0 /* Models */ = {
			isa = PBXGroup;
			children = (
				CBB5746617549F2C00B86AFA /* Chessmans */,
				1876598517539D11003323B0 /* ChessBoard.h */,
				1876598617539D11003323B0 /* ChessBoard.m */,
				1876598717539D11003323B0 /* Chessman.h */,
				1876598817539D11003323B0 /* Chessman.m */,
				1876598917539D11003323B0 /* Common.h */,
			);
			name = Models;
			sourceTree = "<group>";
		};
		18A0DC6B175249D6004A8AB1 /* Images */ = {
			isa = PBXGroup;
			children = (
				CBCFA183175504270075CE11 /* bg-flag.png */,
				18A0DC6D175249EC004A8AB1 /* bg-chessman.png */,
			);
			name = Images;
			sourceTree = "<group>";
		};
		18BA063A174BC93E00095C20 = {
			isa = PBXGroup;
			children = (
				57A65921181DFAF5004FD1CF /* ChessAI */,
				57ADDFE2181A4BB200142A5A /* network */,
				18BA064F174BC93E00095C20 /* ChineseChess */,
				18BA0648174BC93E00095C20 /* Frameworks */,
				18BA0646174BC93E00095C20 /* Products */,
			);
			sourceTree = "<group>";
		};
		18BA0646174BC93E00095C20 /* Products */ = {
			isa = PBXGroup;
			children = (
				18BA0645174BC93E00095C20 /* ChineseChess.app */,
			);
			name = Products;
			sourceTree = "<group>";
		};
		18BA0648174BC93E00095C20 /* Frameworks */ = {
			isa = PBXGroup;
			children = (
				9FB1E0FF1AA962680090CAF8 /* MultipeerConnectivity.framework */,
				9FB1E0FD1AA950680090CAF8 /* CoreBluetooth.framework */,
				9FB1E0FB1AA950300090CAF8 /* GameKit.framework */,
				57ADDFE0181A4AD700142A5A /* CFNetwork.framework */,
				57ADDFDE181A4AD000142A5A /* Security.framework */,
				57ADDFDC181A4AC500142A5A /* libxml2.dylib */,
				57ADDFDA181A4ABC00142A5A /* libresolv.dylib */,
				57ADDFD8181A4AAF00142A5A /* SystemConfiguration.framework */,
				57ADDFD6181A4AA400142A5A /* CoreLocation.framework */,
				18BA0649174BC93E00095C20 /* UIKit.framework */,
				18BA064B174BC93E00095C20 /* Foundation.framework */,
				18BA064D174BC93E00095C20 /* CoreGraphics.framework */,
			);
			name = Frameworks;
			sourceTree = "<group>";
		};
		18BA064F174BC93E00095C20 /* ChineseChess */ = {
			isa = PBXGroup;
			children = (
				57B13EFD181A0ECC00427815 /* LoginViewController.h */,
				57B13EFE181A0ECC00427815 /* LoginViewController.m */,
				57B13EFF181A0ECC00427815 /* LoginViewController.xib */,
				1876598317539CEC003323B0 /* Models */,
				18BA066C174BC94600095C20 /* Views */,
				18BA0658174BC93E00095C20 /* AppDelegate.h */,
				18BA0659174BC93E00095C20 /* AppDelegate.m */,
				18BA0661174BC93E00095C20 /* ViewController.h */,
				18BA0662174BC93E00095C20 /* ViewController.m */,
				18BA0664174BC93E00095C20 /* ViewController.xib */,
				57B13F02181A19BD00427815 /* FriendListViewController.h */,
				57B13F03181A19BD00427815 /* FriendListViewController.m */,
				18BA0650174BC93E00095C20 /* Supporting Files */,
			);
			path = ChineseChess;
			sourceTree = "<group>";
		};
		18BA0650174BC93E00095C20 /* Supporting Files */ = {
			isa = PBXGroup;
			children = (
				18A0DC6B175249D6004A8AB1 /* Images */,
				18BA0651174BC93E00095C20 /* ChineseChess-Info.plist */,
				18BA0652174BC93E00095C20 /* InfoPlist.strings */,
				1879B81418064C4000899D7E /* Default-568h@2x.png */,
				18BA0655174BC93E00095C20 /* main.m */,
				18BA0657174BC93E00095C20 /* ChineseChess-Prefix.pch */,
				18BA065B174BC93E00095C20 /* Default.png */,
			);
			name = "Supporting Files";
			sourceTree = "<group>";
		};
		18BA066C174BC94600095C20 /* Views */ = {
			isa = PBXGroup;
			children = (
				18BA066D174BCDED00095C20 /* ChessboardView.h */,
				18BA0673174BCE8200095C20 /* ChessboardView.m */,
				18BA0670174BCE3A00095C20 /* ChessmanView.h */,
				18BA0671174BCE3A00095C20 /* ChessmanView.m */,
				CBCFA17F1755033C0075CE11 /* FlagView.h */,
				CBCFA1801755033C0075CE11 /* FlagView.m */,
			);
			name = Views;
			sourceTree = "<group>";
		};
		57A65921181DFAF5004FD1CF /* ChessAI */ = {
			isa = PBXGroup;
			children = (
				57A65927181E007D004FD1CF /* AI_HaQiKiD.h */,
				57A65928181E007D004FD1CF /* AI_HaQiKiD.m */,
				57A65929181E007D004FD1CF /* AI_haqikidHOX.c */,
				57A6592A181E007D004FD1CF /* AI_XQWLight.h */,
				57A6592B181E007D004FD1CF /* AI_XQWLight.m */,
				57A6592C181E007D004FD1CF /* AIEngine.h */,
				57A6592D181E007D004FD1CF /* AIEngine.m */,
				57A6592E181E007D004FD1CF /* BOOK.DAT */,
				57A6592F181E007D004FD1CF /* Referee.h */,
				57A65930181E007D004FD1CF /* Referee.m */,
				57A65931181E007D004FD1CF /* XQWLight_Referee.cpp */,
				57A65932181E007D004FD1CF /* XQWLight.cpp */,
			);
			name = ChessAI;
			sourceTree = "<group>";
		};
		57ADDFE2181A4BB200142A5A /* network */ = {
			isa = PBXGroup;
			children = (
				57ADDFE3181A4BC600142A5A /* Connection.h */,
				57ADDFE4181A4BC600142A5A /* Connection.m */,
				57ADDFE5181A4BC600142A5A /* ConnectionDelegate.h */,
			);
			name = network;
			sourceTree = "<group>";
		};
		CBB5746617549F2C00B86AFA /* Chessmans */ = {
			isa = PBXGroup;
			children = (
				1876598A17539D11003323B0 /* Elephant.h */,
				1876598B17539D11003323B0 /* Elephant.m */,
				1876598C17539D11003323B0 /* Horse.h */,
				1876598D17539D11003323B0 /* Horse.m */,
				57A6D2811818FC5800CE7BAA /* Car.h */,
				57A6D2821818FC5900CE7BAA /* Car.m */,
				57A6D2841818FDF300CE7BAA /* Shi.h */,
				57A6D2851818FDF300CE7BAA /* Shi.m */,
				57A6D287181900DE00CE7BAA /* Jiang.h */,
				57A6D288181900DE00CE7BAA /* Jiang.m */,
				57A6D28A181902C200CE7BAA /* Bing.h */,
				57A6D28B181902C300CE7BAA /* Bing.m */,
				57A6D28D181909AF00CE7BAA /* Pao.h */,
				57A6D28E181909AF00CE7BAA /* Pao.m */,
			);
			name = Chessmans;
			sourceTree = "<group>";
		};
/* End PBXGroup section */

/* Begin PBXNativeTarget section */
		18BA0644174BC93E00095C20 /* ChineseChess */ = {
			isa = PBXNativeTarget;
			buildConfigurationList = 18BA0669174BC93E00095C20 /* Build configuration list for PBXNativeTarget "ChineseChess" */;
			buildPhases = (
				18BA0641174BC93E00095C20 /* Sources */,
				18BA0642174BC93E00095C20 /* Frameworks */,
				18BA0643174BC93E00095C20 /* Resources */,
			);
			buildRules = (
			);
			dependencies = (
			);
			name = ChineseChess;
			productName = ChineseChess;
			productReference = 18BA0645174BC93E00095C20 /* ChineseChess.app */;
			productType = "com.apple.product-type.application";
		};
/* End PBXNativeTarget section */

/* Begin PBXProject section */
		18BA063C174BC93E00095C20 /* Project object */ = {
			isa = PBXProject;
			attributes = {
				LastUpgradeCheck = 0450;
				ORGANIZATIONNAME = tanghuacheng.cn;
				TargetAttributes = {
					18BA0644174BC93E00095C20 = {
						DevelopmentTeam = 3QS9259464;
						SystemCapabilities = {
							com.apple.GameCenter = {
								enabled = 0;
							};
						};
					};
				};
			};
			buildConfigurationList = 18BA063F174BC93E00095C20 /* Build configuration list for PBXProject "ChineseChess" */;
			compatibilityVersion = "Xcode 3.2";
			developmentRegion = English;
			hasScannedForEncodings = 0;
			knownRegions = (
				en,
			);
			mainGroup = 18BA063A174BC93E00095C20;
			productRefGroup = 18BA0646174BC93E00095C20 /* Products */;
			projectDirPath = "";
			projectRoot = "";
			targets = (
				18BA0644174BC93E00095C20 /* ChineseChess */,
			);
		};
/* End PBXProject section */

/* Begin PBXResourcesBuildPhase section */
		18BA0643174BC93E00095C20 /* Resources */ = {
			isa = PBXResourcesBuildPhase;
			buildActionMask = 2147483647;
			files = (
				18BA0654174BC93E00095C20 /* InfoPlist.strings in Resources */,
				18BA065C174BC93E00095C20 /* Default.png in Resources */,
				18BA0666174BC93E00095C20 /* ViewController.xib in Resources */,
				18A0DC6E175249EC004A8AB1 /* bg-chessman.png in Resources */,
				CBCFA184175504270075CE11 /* bg-flag.png in Resources */,
				1879B81518064C4000899D7E /* Default-568h@2x.png in Resources */,
				57B13F01181A0ECC00427815 /* LoginViewController.xib in Resources */,
			);
			runOnlyForDeploymentPostprocessing = 0;
		};
/* End PBXResourcesBuildPhase section */

/* Begin PBXSourcesBuildPhase section */
		18BA0641174BC93E00095C20 /* Sources */ = {
			isa = PBXSourcesBuildPhase;
			buildActionMask = 2147483647;
			files = (
				57ADDFE6181A4E8900142A5A /* Connection.m in Sources */,
				18BA0656174BC93E00095C20 /* main.m in Sources */,
				18BA065A174BC93E00095C20 /* AppDelegate.m in Sources */,
				18BA0663174BC93E00095C20 /* ViewController.m in Sources */,
				18BA0672174BCE3A00095C20 /* ChessmanView.m in Sources */,
				18BA0674174BCE8200095C20 /* ChessboardView.m in Sources */,
				1876598E17539D11003323B0 /* ChessBoard.m in Sources */,
				1876598F17539D11003323B0 /* Chessman.m in Sources */,
				1876599017539D11003323B0 /* Elephant.m in Sources */,
				1876599117539D11003323B0 /* Horse.m in Sources */,
				CBCFA1811755033C0075CE11 /* FlagView.m in Sources */,
				57A6D2831818FC5900CE7BAA /* Car.m in Sources */,
				57A6D2861818FDF300CE7BAA /* Shi.m in Sources */,
				57A6D289181900DE00CE7BAA /* Jiang.m in Sources */,
				57A6D28C181902C300CE7BAA /* Bing.m in Sources */,
				57B13F00181A0ECC00427815 /* LoginViewController.m in Sources */,
				57A6D28F181909B000CE7BAA /* Pao.m in Sources */,
				57B13F04181A19BE00427815 /* FriendListViewController.m in Sources */,
			);
			runOnlyForDeploymentPostprocessing = 0;
		};
/* End PBXSourcesBuildPhase section */

/* Begin PBXVariantGroup section */
		18BA0652174BC93E00095C20 /* InfoPlist.strings */ = {
			isa = PBXVariantGroup;
			children = (
				18BA0653174BC93E00095C20 /* en */,
			);
			name = InfoPlist.strings;
			sourceTree = "<group>";
		};
		18BA0664174BC93E00095C20 /* ViewController.xib */ = {
			isa = PBXVariantGroup;
			children = (
				18BA0665174BC93E00095C20 /* en */,
			);
			name = ViewController.xib;
			sourceTree = "<group>";
		};
/* End PBXVariantGroup section */

/* Begin XCBuildConfiguration section */
		18BA0667174BC93E00095C20 /* Debug */ = {
			isa = XCBuildConfiguration;
			buildSettings = {
				ALWAYS_SEARCH_USER_PATHS = NO;
				CLANG_CXX_LANGUAGE_STANDARD = "gnu++0x";
				CLANG_CXX_LIBRARY = "libc++";
				CLANG_WARN_EMPTY_BODY = YES;
				CLANG_WARN__DUPLICATE_METHOD_MATCH = YES;
				"CODE_SIGN_IDENTITY[sdk=iphoneos*]" = "iPhone Developer";
				COPY_PHASE_STRIP = NO;
				GCC_C_LANGUAGE_STANDARD = gnu99;
				GCC_DYNAMIC_NO_PIC = NO;
				GCC_OPTIMIZATION_LEVEL = 0;
				GCC_PREPROCESSOR_DEFINITIONS = (
					"DEBUG=1",
					"$(inherited)",
				);
				GCC_SYMBOLS_PRIVATE_EXTERN = NO;
				GCC_WARN_ABOUT_RETURN_TYPE = YES;
				GCC_WARN_UNINITIALIZED_AUTOS = YES;
				GCC_WARN_UNUSED_VARIABLE = YES;
				IPHONEOS_DEPLOYMENT_TARGET = 4.3;
				ONLY_ACTIVE_ARCH = YES;
				SDKROOT = iphoneos;
			};
			name = Debug;
		};
		18BA0668174BC93E00095C20 /* Release */ = {
			isa = XCBuildConfiguration;
			buildSettings = {
				ALWAYS_SEARCH_USER_PATHS = NO;
				CLANG_CXX_LANGUAGE_STANDARD = "gnu++0x";
				CLANG_CXX_LIBRARY = "libc++";
				CLANG_WARN_EMPTY_BODY = YES;
				CLANG_WARN__DUPLICATE_METHOD_MATCH = YES;
				"CODE_SIGN_IDENTITY[sdk=iphoneos*]" = "iPhone Developer";
				COPY_PHASE_STRIP = YES;
				GCC_C_LANGUAGE_STANDARD = gnu99;
				GCC_WARN_ABOUT_RETURN_TYPE = YES;
				GCC_WARN_UNINITIALIZED_AUTOS = YES;
				GCC_WARN_UNUSED_VARIABLE = YES;
				IPHONEOS_DEPLOYMENT_TARGET = 4.3;
				OTHER_CFLAGS = "-DNS_BLOCK_ASSERTIONS=1";
				SDKROOT = iphoneos;
				VALIDATE_PRODUCT = YES;
			};
			name = Release;
		};
		18BA066A174BC93E00095C20 /* Debug */ = {
			isa = XCBuildConfiguration;
			buildSettings = {
				CLANG_ENABLE_OBJC_ARC = YES;
				CODE_SIGN_IDENTITY = "iPhone Developer";
				"CODE_SIGN_IDENTITY[sdk=iphoneos*]" = "iPhone Developer";
				GCC_PRECOMPILE_PREFIX_HEADER = YES;
				GCC_PREFIX_HEADER = "ChineseChess/ChineseChess-Prefix.pch";
				HEADER_SEARCH_PATHS = /usr/include/libxml2;
				INFOPLIST_FILE = "ChineseChess/ChineseChess-Info.plist";
				IPHONEOS_DEPLOYMENT_TARGET = 4.3;
				LIBRARY_SEARCH_PATHS = (
					"$(inherited)",
					"\"$(SRCROOT)/XMPP/Vendor/libidn\"",
				);
				OTHER_LDFLAGS = "-lxml2";
				PRODUCT_NAME = "$(TARGET_NAME)";
				PROVISIONING_PROFILE = "";
				WRAPPER_EXTENSION = app;
			};
			name = Debug;
		};
		18BA066B174BC93E00095C20 /* Release */ = {
			isa = XCBuildConfiguration;
			buildSettings = {
				CLANG_ENABLE_OBJC_ARC = YES;
				CODE_SIGN_IDENTITY = "iPhone Developer";
				"CODE_SIGN_IDENTITY[sdk=iphoneos*]" = "iPhone Developer";
				GCC_PRECOMPILE_PREFIX_HEADER = YES;
				GCC_PREFIX_HEADER = "ChineseChess/ChineseChess-Prefix.pch";
				HEADER_SEARCH_PATHS = /usr/include/libxml2;
				INFOPLIST_FILE = "ChineseChess/ChineseChess-Info.plist";
				IPHONEOS_DEPLOYMENT_TARGET = 4.3;
				LIBRARY_SEARCH_PATHS = (
					"$(inherited)",
					"\"$(SRCROOT)/XMPP/Vendor/libidn\"",
				);
				OTHER_LDFLAGS = "-lxml2";
				PRODUCT_NAME = "$(TARGET_NAME)";
				PROVISIONING_PROFILE = "";
				WRAPPER_EXTENSION = app;
			};
			name = Release;
		};
/* End XCBuildConfiguration section */

/* Begin XCConfigurationList section */
		18BA063F174BC93E00095C20 /* Build configuration list for PBXProject "ChineseChess" */ = {
			isa = XCConfigurationList;
			buildConfigurations = (
				18BA0667174BC93E00095C20 /* Debug */,
				18BA0668174BC93E00095C20 /* Release */,
			);
			defaultConfigurationIsVisible = 0;
			defaultConfigurationName = Release;
		};
		18BA0669174BC93E00095C20 /* Build configuration list for PBXNativeTarget "ChineseChess" */ = {
			isa = XCConfigurationList;
			buildConfigurations = (
				18BA066A174BC93E00095C20 /* Debug */,
				18BA066B174BC93E00095C20 /* Release */,
			);
			defaultConfigurationIsVisible = 0;
			defaultConfigurationName = Release;
		};
/* End XCConfigurationList section */
	};
	rootObject = 18BA063C174BC93E00095C20 /* Project object */;
}
